
Microsoft Visual Studio Solution File, Format Version 12.00
# Visual Studio Version 17
VisualStudioVersion = 17.4.33103.184
MinimumVisualStudioVersion = 10.0.40219.1
Project("{FAE04EC0-301F-11D3-BF4B-00C04F79EFBC}") = "NordicDoorTestingrep", "NordicDoorTestingrep.csproj", "{4A6A6795-4DC4-44BA-A72B-7314E4B75388}"
EndProject
Global
	GlobalSection(SolutionConfigurationPlatforms) = preSolution
		Debug|Any CPU = Debug|Any CPU
		Release|Any CPU = Release|Any CPU
	EndGlobalSection
	GlobalSection(ProjectConfigurationPlatforms) = postSolution
		{4A6A6795-4DC4-44BA-A72B-7314E4B75388}.Debug|Any CPU.ActiveCfg = Debug|Any CPU
		{4A6A6795-4DC4-44BA-A72B-7314E4B75388}.Debug|Any CPU.Build.0 = Debug|Any CPU
		{4A6A6795-4DC4-44BA-A72B-7314E4B75388}.Release|Any CPU.ActiveCfg = Release|Any CPU
		{4A6A6795-4DC4-44BA-A72B-7314E4B75388}.Release|Any CPU.Build.0 = Release|Any CPU
	EndGlobalSection
	GlobalSection(SolutionProperties) = preSolution
		HideSolutionNode = FALSE
	EndGlobalSection
	GlobalSection(ExtensibilityGlobals) = postSolution
		SolutionGuid = {3545FECB-04D8-44CA-BD3F-D74B19A7549A}
	EndGlobalSection
EndGlobal
